
Microsoft Visual Studio Solution File, Format Version 12.00
# Visual Studio 15
VisualStudioVersion = 15.0.28307.852
MinimumVisualStudioVersion = 10.0.40219.1
Project("{FAE04EC0-301F-11D3-BF4B-00C04F79EFBC}") = "WpfApp1", "WpfApp1.csproj", "{A8D69E2E-46AB-4538-A63B-7E0668E94A8A}"
EndProject
Global
	GlobalSection(SolutionConfigurationPlatforms) = preSolution
		Debug|Any CPU = Debug|Any CPU
		Release|Any CPU = Release|Any CPU
	EndGlobalSection
	GlobalSection(ProjectConfigurationPlatforms) = postSolution
		{A8D69E2E-46AB-4538-A63B-7E0668E94A8A}.Debug|Any CPU.ActiveCfg = Debug|Any CPU
		{A8D69E2E-46AB-4538-A63B-7E0668E94A8A}.Debug|Any CPU.Build.0 = Debug|Any CPU
		{A8D69E2E-46AB-4538-A63B-7E0668E94A8A}.Release|Any CPU.ActiveCfg = Release|Any CPU
		{A8D69E2E-46AB-4538-A63B-7E0668E94A8A}.Release|Any CPU.Build.0 = Release|Any CPU
	EndGlobalSection
	GlobalSection(SolutionProperties) = preSolution
		HideSolutionNode = FALSE
	EndGlobalSection
	GlobalSection(ExtensibilityGlobals) = postSolution
		SolutionGuid = {FCF3EB49-8A12-4B83-B008-0C8843972D73}
	EndGlobalSection
EndGlobal
